// !$*UTF8*$!
{
	archiveVersion = 1;
	classes = {
	};
	objectVersion = 50;
	objects = {

/* Begin PBXBuildFile section */
		E3D031FA214BDECA00EAAC3D /* AppDelegate.swift in Sources */ = {isa = PBXBuildFile; fileRef = E3D031F9214BDECA00EAAC3D /* AppDelegate.swift */; };
		E3D031FF214BDECA00EAAC3D /* Main.storyboard in Resources */ = {isa = PBXBuildFile; fileRef = E3D031FD214BDECA00EAAC3D /* Main.storyboard */; };
		E3D03201214BDECA00EAAC3D /* Assets.xcassets in Resources */ = {isa = PBXBuildFile; fileRef = E3D03200214BDECA00EAAC3D /* Assets.xcassets */; };
		E3D03204214BDECA00EAAC3D /* LaunchScreen.storyboard in Resources */ = {isa = PBXBuildFile; fileRef = E3D03202214BDECA00EAAC3D /* LaunchScreen.storyboard */; };
		E3D0320F214BDECB00EAAC3D /* PhotosAppTests.swift in Sources */ = {isa = PBXBuildFile; fileRef = E3D0320E214BDECB00EAAC3D /* PhotosAppTests.swift */; };
		E3D0321B214BE02F00EAAC3D /* BaseNetworkClient.swift in Sources */ = {isa = PBXBuildFile; fileRef = E3D0321A214BE02F00EAAC3D /* BaseNetworkClient.swift */; };
		E3D0321D214BE04E00EAAC3D /* HttpClient.swift in Sources */ = {isa = PBXBuildFile; fileRef = E3D0321C214BE04E00EAAC3D /* HttpClient.swift */; };
		E3D03222214BE09500EAAC3D /* MockUrlSession.swift in Sources */ = {isa = PBXBuildFile; fileRef = E3D03221214BE09500EAAC3D /* MockUrlSession.swift */; };
		E3D03225214BE11A00EAAC3D /* HTTPClientTests.swift in Sources */ = {isa = PBXBuildFile; fileRef = E3D03224214BE11A00EAAC3D /* HTTPClientTests.swift */; };
		E3D0322B214BE5C700EAAC3D /* CacheableClient.swift in Sources */ = {isa = PBXBuildFile; fileRef = E3D0322A214BE5C700EAAC3D /* CacheableClient.swift */; };
		E3D0322E214BE71A00EAAC3D /* NetworkableImageView.swift in Sources */ = {isa = PBXBuildFile; fileRef = E3D0322D214BE71A00EAAC3D /* NetworkableImageView.swift */; };
		E3D03230214BE74A00EAAC3D /* CacheableClientTests.swift in Sources */ = {isa = PBXBuildFile; fileRef = E3D0322F214BE74A00EAAC3D /* CacheableClientTests.swift */; };
		E3D03232214BE7A700EAAC3D /* NetworkableImageViewTests.swift in Sources */ = {isa = PBXBuildFile; fileRef = E3D03231214BE7A700EAAC3D /* NetworkableImageViewTests.swift */; };
		E3D03234214BE7D300EAAC3D /* MockCacheableClient.swift in Sources */ = {isa = PBXBuildFile; fileRef = E3D03233214BE7D300EAAC3D /* MockCacheableClient.swift */; };
		E3D03237214BE81C00EAAC3D /* SampleImage.png in Resources */ = {isa = PBXBuildFile; fileRef = E3D03236214BE81C00EAAC3D /* SampleImage.png */; };
		E3D0323C214BED5E00EAAC3D /* ServiceResponse.swift in Sources */ = {isa = PBXBuildFile; fileRef = E3D0323B214BED5E00EAAC3D /* ServiceResponse.swift */; };
		E3D0323E214BED8900EAAC3D /* Photo.swift in Sources */ = {isa = PBXBuildFile; fileRef = E3D0323D214BED8900EAAC3D /* Photo.swift */; };
		E3D03240214BED9200EAAC3D /* APIError.swift in Sources */ = {isa = PBXBuildFile; fileRef = E3D0323F214BED9200EAAC3D /* APIError.swift */; };
		E3D03242214BF1A300EAAC3D /* PhotosAPI.swift in Sources */ = {isa = PBXBuildFile; fileRef = E3D03241214BF1A300EAAC3D /* PhotosAPI.swift */; };
		E3D03245214BF5B900EAAC3D /* PhotosEndPoints.swift in Sources */ = {isa = PBXBuildFile; fileRef = E3D03244214BF5B900EAAC3D /* PhotosEndPoints.swift */; };
		E3D03248214BF5E800EAAC3D /* Constants.swift in Sources */ = {isa = PBXBuildFile; fileRef = E3D03247214BF5E800EAAC3D /* Constants.swift */; };
		E3D0324B214BF76500EAAC3D /* PhotosEndPointsTests.swift in Sources */ = {isa = PBXBuildFile; fileRef = E3D0324A214BF76500EAAC3D /* PhotosEndPointsTests.swift */; };
		E3D0324E214BF96D00EAAC3D /* PhotosAPITests.swift in Sources */ = {isa = PBXBuildFile; fileRef = E3D0324D214BF96D00EAAC3D /* PhotosAPITests.swift */; };
		E3D03250214BF98B00EAAC3D /* MockHttpClient.swift in Sources */ = {isa = PBXBuildFile; fileRef = E3D0324F214BF98B00EAAC3D /* MockHttpClient.swift */; };
		E3D03254214BFDFE00EAAC3D /* APIErrorTests.swift in Sources */ = {isa = PBXBuildFile; fileRef = E3D03253214BFDFE00EAAC3D /* APIErrorTests.swift */; };
		E3D03256214BFE9E00EAAC3D /* PhotoTests.swift in Sources */ = {isa = PBXBuildFile; fileRef = E3D03255214BFE9E00EAAC3D /* PhotoTests.swift */; };
		E3D03258214BFF1C00EAAC3D /* ServiceResponseTests.swift in Sources */ = {isa = PBXBuildFile; fileRef = E3D03257214BFF1C00EAAC3D /* ServiceResponseTests.swift */; };
		E3D0325B214C057B00EAAC3D /* PhotosViewModel.swift in Sources */ = {isa = PBXBuildFile; fileRef = E3D0325A214C057B00EAAC3D /* PhotosViewModel.swift */; };
		E3D0325D214C085000EAAC3D /* PhotoViewModel.swift in Sources */ = {isa = PBXBuildFile; fileRef = E3D0325C214C085000EAAC3D /* PhotoViewModel.swift */; };
		E3D03261214C0BDE00EAAC3D /* MockPhotosAPI.swift in Sources */ = {isa = PBXBuildFile; fileRef = E3D03260214C0BDE00EAAC3D /* MockPhotosAPI.swift */; };
		E3D03263214C0CD000EAAC3D /* PhotosViewModelTests.swift in Sources */ = {isa = PBXBuildFile; fileRef = E3D03262214C0CD000EAAC3D /* PhotosViewModelTests.swift */; };
		E3D03266214C0CFB00EAAC3D /* MockPhotosView.swift in Sources */ = {isa = PBXBuildFile; fileRef = E3D03265214C0CFB00EAAC3D /* MockPhotosView.swift */; };
		E3D0326A214C136900EAAC3D /* PhotosViewController.swift in Sources */ = {isa = PBXBuildFile; fileRef = E3D03269214C136900EAAC3D /* PhotosViewController.swift */; };
		E3D0326C214C138500EAAC3D /* PhotoCell.swift in Sources */ = {isa = PBXBuildFile; fileRef = E3D0326B214C138500EAAC3D /* PhotoCell.swift */; };
/* End PBXBuildFile section */

/* Begin PBXContainerItemProxy section */
		E3D0320B214BDECB00EAAC3D /* PBXContainerItemProxy */ = {
			isa = PBXContainerItemProxy;
			containerPortal = E3D031EE214BDECA00EAAC3D /* Project object */;
			proxyType = 1;
			remoteGlobalIDString = E3D031F5214BDECA00EAAC3D;
			remoteInfo = PhotosApp;
		};
/* End PBXContainerItemProxy section */

/* Begin PBXFileReference section */
		E3D031F6214BDECA00EAAC3D /* PhotosApp.app */ = {isa = PBXFileReference; explicitFileType = wrapper.application; includeInIndex = 0; path = PhotosApp.app; sourceTree = BUILT_PRODUCTS_DIR; };
		E3D031F9214BDECA00EAAC3D /* AppDelegate.swift */ = {isa = PBXFileReference; lastKnownFileType = sourcecode.swift; path = AppDelegate.swift; sourceTree = "<group>"; };
		E3D031FE214BDECA00EAAC3D /* Base */ = {isa = PBXFileReference; lastKnownFileType = file.storyboard; name = Base; path = Base.lproj/Main.storyboard; sourceTree = "<group>"; };
		E3D03200214BDECA00EAAC3D /* Assets.xcassets */ = {isa = PBXFileReference; lastKnownFileType = folder.assetcatalog; path = Assets.xcassets; sourceTree = "<group>"; };
		E3D03203214BDECA00EAAC3D /* Base */ = {isa = PBXFileReference; lastKnownFileType = file.storyboard; name = Base; path = Base.lproj/LaunchScreen.storyboard; sourceTree = "<group>"; };
		E3D03205214BDECA00EAAC3D /* Info.plist */ = {isa = PBXFileReference; lastKnownFileType = text.plist.xml; path = Info.plist; sourceTree = "<group>"; };
		E3D0320A214BDECB00EAAC3D /* PhotosAppTests.xctest */ = {isa = PBXFileReference; explicitFileType = wrapper.cfbundle; includeInIndex = 0; path = PhotosAppTests.xctest; sourceTree = BUILT_PRODUCTS_DIR; };
		E3D0320E214BDECB00EAAC3D /* PhotosAppTests.swift */ = {isa = PBXFileReference; lastKnownFileType = sourcecode.swift; path = PhotosAppTests.swift; sourceTree = "<group>"; };
		E3D03210214BDECB00EAAC3D /* Info.plist */ = {isa = PBXFileReference; lastKnownFileType = text.plist.xml; path = Info.plist; sourceTree = "<group>"; };
		E3D0321A214BE02F00EAAC3D /* BaseNetworkClient.swift */ = {isa = PBXFileReference; lastKnownFileType = sourcecode.swift; path = BaseNetworkClient.swift; sourceTree = "<group>"; };
		E3D0321C214BE04E00EAAC3D /* HttpClient.swift */ = {isa = PBXFileReference; lastKnownFileType = sourcecode.swift; path = HttpClient.swift; sourceTree = "<group>"; };
		E3D03221214BE09500EAAC3D /* MockUrlSession.swift */ = {isa = PBXFileReference; lastKnownFileType = sourcecode.swift; path = MockUrlSession.swift; sourceTree = "<group>"; };
		E3D03224214BE11A00EAAC3D /* HTTPClientTests.swift */ = {isa = PBXFileReference; lastKnownFileType = sourcecode.swift; path = HTTPClientTests.swift; sourceTree = "<group>"; };
		E3D0322A214BE5C700EAAC3D /* CacheableClient.swift */ = {isa = PBXFileReference; lastKnownFileType = sourcecode.swift; path = CacheableClient.swift; sourceTree = "<group>"; };
		E3D0322D214BE71A00EAAC3D /* NetworkableImageView.swift */ = {isa = PBXFileReference; lastKnownFileType = sourcecode.swift; path = NetworkableImageView.swift; sourceTree = "<group>"; };
		E3D0322F214BE74A00EAAC3D /* CacheableClientTests.swift */ = {isa = PBXFileReference; lastKnownFileType = sourcecode.swift; path = CacheableClientTests.swift; sourceTree = "<group>"; };
		E3D03231214BE7A700EAAC3D /* NetworkableImageViewTests.swift */ = {isa = PBXFileReference; lastKnownFileType = sourcecode.swift; path = NetworkableImageViewTests.swift; sourceTree = "<group>"; };
		E3D03233214BE7D300EAAC3D /* MockCacheableClient.swift */ = {isa = PBXFileReference; lastKnownFileType = sourcecode.swift; path = MockCacheableClient.swift; sourceTree = "<group>"; };
		E3D03236214BE81C00EAAC3D /* SampleImage.png */ = {isa = PBXFileReference; lastKnownFileType = image.png; path = SampleImage.png; sourceTree = "<group>"; };
		E3D0323B214BED5E00EAAC3D /* ServiceResponse.swift */ = {isa = PBXFileReference; lastKnownFileType = sourcecode.swift; path = ServiceResponse.swift; sourceTree = "<group>"; };
		E3D0323D214BED8900EAAC3D /* Photo.swift */ = {isa = PBXFileReference; lastKnownFileType = sourcecode.swift; path = Photo.swift; sourceTree = "<group>"; };
		E3D0323F214BED9200EAAC3D /* APIError.swift */ = {isa = PBXFileReference; lastKnownFileType = sourcecode.swift; path = APIError.swift; sourceTree = "<group>"; };
		E3D03241214BF1A300EAAC3D /* PhotosAPI.swift */ = {isa = PBXFileReference; lastKnownFileType = sourcecode.swift; path = PhotosAPI.swift; sourceTree = "<group>"; };
		E3D03244214BF5B900EAAC3D /* PhotosEndPoints.swift */ = {isa = PBXFileReference; lastKnownFileType = sourcecode.swift; path = PhotosEndPoints.swift; sourceTree = "<group>"; };
		E3D03247214BF5E800EAAC3D /* Constants.swift */ = {isa = PBXFileReference; lastKnownFileType = sourcecode.swift; path = Constants.swift; sourceTree = "<group>"; };
		E3D0324A214BF76500EAAC3D /* PhotosEndPointsTests.swift */ = {isa = PBXFileReference; lastKnownFileType = sourcecode.swift; path = PhotosEndPointsTests.swift; sourceTree = "<group>"; };
		E3D0324D214BF96D00EAAC3D /* PhotosAPITests.swift */ = {isa = PBXFileReference; lastKnownFileType = sourcecode.swift; path = PhotosAPITests.swift; sourceTree = "<group>"; };
		E3D0324F214BF98B00EAAC3D /* MockHttpClient.swift */ = {isa = PBXFileReference; lastKnownFileType = sourcecode.swift; path = MockHttpClient.swift; sourceTree = "<group>"; };
		E3D03253214BFDFE00EAAC3D /* APIErrorTests.swift */ = {isa = PBXFileReference; lastKnownFileType = sourcecode.swift; path = APIErrorTests.swift; sourceTree = "<group>"; };
		E3D03255214BFE9E00EAAC3D /* PhotoTests.swift */ = {isa = PBXFileReference; lastKnownFileType = sourcecode.swift; path = PhotoTests.swift; sourceTree = "<group>"; };
		E3D03257214BFF1C00EAAC3D /* ServiceResponseTests.swift */ = {isa = PBXFileReference; lastKnownFileType = sourcecode.swift; path = ServiceResponseTests.swift; sourceTree = "<group>"; };
		E3D0325A214C057B00EAAC3D /* PhotosViewModel.swift */ = {isa = PBXFileReference; lastKnownFileType = sourcecode.swift; path = PhotosViewModel.swift; sourceTree = "<group>"; };
		E3D0325C214C085000EAAC3D /* PhotoViewModel.swift */ = {isa = PBXFileReference; lastKnownFileType = sourcecode.swift; path = PhotoViewModel.swift; sourceTree = "<group>"; };
		E3D03260214C0BDE00EAAC3D /* MockPhotosAPI.swift */ = {isa = PBXFileReference; lastKnownFileType = sourcecode.swift; path = MockPhotosAPI.swift; sourceTree = "<group>"; };
		E3D03262214C0CD000EAAC3D /* PhotosViewModelTests.swift */ = {isa = PBXFileReference; lastKnownFileType = sourcecode.swift; path = PhotosViewModelTests.swift; sourceTree = "<group>"; };
		E3D03265214C0CFB00EAAC3D /* MockPhotosView.swift */ = {isa = PBXFileReference; lastKnownFileType = sourcecode.swift; path = MockPhotosView.swift; sourceTree = "<group>"; };
		E3D03269214C136900EAAC3D /* PhotosViewController.swift */ = {isa = PBXFileReference; lastKnownFileType = sourcecode.swift; path = PhotosViewController.swift; sourceTree = "<group>"; };
		E3D0326B214C138500EAAC3D /* PhotoCell.swift */ = {isa = PBXFileReference; lastKnownFileType = sourcecode.swift; path = PhotoCell.swift; sourceTree = "<group>"; };
/* End PBXFileReference section */

/* Begin PBXFrameworksBuildPhase section */
		E3D031F3214BDECA00EAAC3D /* Frameworks */ = {
			isa = PBXFrameworksBuildPhase;
			buildActionMask = 2147483647;
			files = (
			);
			runOnlyForDeploymentPostprocessing = 0;
		};
		E3D03207214BDECB00EAAC3D /* Frameworks */ = {
			isa = PBXFrameworksBuildPhase;
			buildActionMask = 2147483647;
			files = (
			);
			runOnlyForDeploymentPostprocessing = 0;
		};
/* End PBXFrameworksBuildPhase section */

/* Begin PBXGroup section */
		E3D031ED214BDECA00EAAC3D = {
			isa = PBXGroup;
			children = (
				E3D031F8214BDECA00EAAC3D /* PhotosApp */,
				E3D0320D214BDECB00EAAC3D /* PhotosAppTests */,
				E3D031F7214BDECA00EAAC3D /* Products */,
			);
			sourceTree = "<group>";
		};
		E3D031F7214BDECA00EAAC3D /* Products */ = {
			isa = PBXGroup;
			children = (
				E3D031F6214BDECA00EAAC3D /* PhotosApp.app */,
				E3D0320A214BDECB00EAAC3D /* PhotosAppTests.xctest */,
			);
			name = Products;
			sourceTree = "<group>";
		};
		E3D031F8214BDECA00EAAC3D /* PhotosApp */ = {
			isa = PBXGroup;
			children = (
				E3D03246214BF5D800EAAC3D /* Utils */,
				E3D03219214BE02200EAAC3D /* Network */,
				E3D03238214BED1300EAAC3D /* API */,
				E3D03239214BED2900EAAC3D /* Model */,
				E3D03267214C132900EAAC3D /* Views */,
				E3D031F9214BDECA00EAAC3D /* AppDelegate.swift */,
				E3D031FD214BDECA00EAAC3D /* Main.storyboard */,
				E3D03200214BDECA00EAAC3D /* Assets.xcassets */,
				E3D03202214BDECA00EAAC3D /* LaunchScreen.storyboard */,
				E3D03205214BDECA00EAAC3D /* Info.plist */,
			);
			path = PhotosApp;
			sourceTree = "<group>";
		};
		E3D0320D214BDECB00EAAC3D /* PhotosAppTests */ = {
			isa = PBXGroup;
			children = (
				E3D0321F214BE06F00EAAC3D /* Network */,
				E3D0324C214BF95100EAAC3D /* API */,
				E3D03251214BFDB800EAAC3D /* Model */,
				E3D0321E214BE06900EAAC3D /* Mocks */,
				E3D03235214BE7FD00EAAC3D /* Resources */,
				E3D0320E214BDECB00EAAC3D /* PhotosAppTests.swift */,
				E3D03210214BDECB00EAAC3D /* Info.plist */,
			);
			path = PhotosAppTests;
			sourceTree = "<group>";
		};
		E3D03219214BE02200EAAC3D /* Network */ = {
			isa = PBXGroup;
			children = (
				E3D03243214BF5A700EAAC3D /* EndPoints */,
				E3D0322C214BE6FD00EAAC3D /* Client */,
				E3D0322D214BE71A00EAAC3D /* NetworkableImageView.swift */,
			);
			path = Network;
			sourceTree = "<group>";
		};
		E3D0321E214BE06900EAAC3D /* Mocks */ = {
			isa = PBXGroup;
			children = (
				E3D03220214BE08C00EAAC3D /* Network */,
				E3D0325F214C0BC700EAAC3D /* API */,
				E3D03264214C0CDD00EAAC3D /* View */,
			);
			path = Mocks;
			sourceTree = "<group>";
		};
		E3D0321F214BE06F00EAAC3D /* Network */ = {
			isa = PBXGroup;
			children = (
				E3D03249214BF75600EAAC3D /* EndPoints */,
				E3D03223214BE10E00EAAC3D /* Client */,
				E3D03231214BE7A700EAAC3D /* NetworkableImageViewTests.swift */,
			);
			path = Network;
			sourceTree = "<group>";
		};
		E3D03220214BE08C00EAAC3D /* Network */ = {
			isa = PBXGroup;
			children = (
				E3D03221214BE09500EAAC3D /* MockUrlSession.swift */,
				E3D03233214BE7D300EAAC3D /* MockCacheableClient.swift */,
				E3D0324F214BF98B00EAAC3D /* MockHttpClient.swift */,
			);
			path = Network;
			sourceTree = "<group>";
		};
		E3D03223214BE10E00EAAC3D /* Client */ = {
			isa = PBXGroup;
			children = (
				E3D03224214BE11A00EAAC3D /* HTTPClientTests.swift */,
				E3D0322F214BE74A00EAAC3D /* CacheableClientTests.swift */,
			);
			path = Client;
			sourceTree = "<group>";
		};
		E3D0322C214BE6FD00EAAC3D /* Client */ = {
			isa = PBXGroup;
			children = (
				E3D0321A214BE02F00EAAC3D /* BaseNetworkClient.swift */,
				E3D0321C214BE04E00EAAC3D /* HttpClient.swift */,
				E3D0322A214BE5C700EAAC3D /* CacheableClient.swift */,
			);
			path = Client;
			sourceTree = "<group>";
		};
		E3D03235214BE7FD00EAAC3D /* Resources */ = {
			isa = PBXGroup;
			children = (
				E3D03236214BE81C00EAAC3D /* SampleImage.png */,
			);
			path = Resources;
			sourceTree = "<group>";
		};
		E3D03238214BED1300EAAC3D /* API */ = {
			isa = PBXGroup;
			children = (
				E3D03241214BF1A300EAAC3D /* PhotosAPI.swift */,
			);
			path = API;
			sourceTree = "<group>";
		};
		E3D03239214BED2900EAAC3D /* Model */ = {
			isa = PBXGroup;
			children = (
				E3D0323A214BED3A00EAAC3D /* Entity */,
				E3D03259214C052100EAAC3D /* ViewModel */,
			);
			path = Model;
			sourceTree = "<group>";
		};
		E3D0323A214BED3A00EAAC3D /* Entity */ = {
			isa = PBXGroup;
			children = (
				E3D0323B214BED5E00EAAC3D /* ServiceResponse.swift */,
				E3D0323D214BED8900EAAC3D /* Photo.swift */,
				E3D0323F214BED9200EAAC3D /* APIError.swift */,
			);
			path = Entity;
			sourceTree = "<group>";
		};
		E3D03243214BF5A700EAAC3D /* EndPoints */ = {
			isa = PBXGroup;
			children = (
				E3D03244214BF5B900EAAC3D /* PhotosEndPoints.swift */,
			);
			path = EndPoints;
			sourceTree = "<group>";
		};
		E3D03246214BF5D800EAAC3D /* Utils */ = {
			isa = PBXGroup;
			children = (
				E3D03247214BF5E800EAAC3D /* Constants.swift */,
			);
			path = Utils;
			sourceTree = "<group>";
		};
		E3D03249214BF75600EAAC3D /* EndPoints */ = {
			isa = PBXGroup;
			children = (
				E3D0324A214BF76500EAAC3D /* PhotosEndPointsTests.swift */,
			);
			path = EndPoints;
			sourceTree = "<group>";
		};
		E3D0324C214BF95100EAAC3D /* API */ = {
			isa = PBXGroup;
			children = (
				E3D0324D214BF96D00EAAC3D /* PhotosAPITests.swift */,
			);
			path = API;
			sourceTree = "<group>";
		};
		E3D03251214BFDB800EAAC3D /* Model */ = {
			isa = PBXGroup;
			children = (
				E3D03252214BFDE000EAAC3D /* Entity */,
				E3D0325E214C0B6000EAAC3D /* ViewModel */,
			);
			path = Model;
			sourceTree = "<group>";
		};
		E3D03252214BFDE000EAAC3D /* Entity */ = {
			isa = PBXGroup;
			children = (
				E3D03253214BFDFE00EAAC3D /* APIErrorTests.swift */,
				E3D03255214BFE9E00EAAC3D /* PhotoTests.swift */,
				E3D03257214BFF1C00EAAC3D /* ServiceResponseTests.swift */,
			);
			path = Entity;
			sourceTree = "<group>";
		};
		E3D03259214C052100EAAC3D /* ViewModel */ = {
			isa = PBXGroup;
			children = (
				E3D0325A214C057B00EAAC3D /* PhotosViewModel.swift */,
				E3D0325C214C085000EAAC3D /* PhotoViewModel.swift */,
			);
			path = ViewModel;
			sourceTree = "<group>";
		};
		E3D0325E214C0B6000EAAC3D /* ViewModel */ = {
			isa = PBXGroup;
			children = (
				E3D03262214C0CD000EAAC3D /* PhotosViewModelTests.swift */,
			);
			path = ViewModel;
			sourceTree = "<group>";
		};
		E3D0325F214C0BC700EAAC3D /* API */ = {
			isa = PBXGroup;
			children = (
				E3D03260214C0BDE00EAAC3D /* MockPhotosAPI.swift */,
			);
			path = API;
			sourceTree = "<group>";
		};
		E3D03264214C0CDD00EAAC3D /* View */ = {
			isa = PBXGroup;
			children = (
				E3D03265214C0CFB00EAAC3D /* MockPhotosView.swift */,
			);
			path = View;
			sourceTree = "<group>";
		};
		E3D03267214C132900EAAC3D /* Views */ = {
			isa = PBXGroup;
			children = (
				E3D03268214C135100EAAC3D /* Photos */,
			);
			path = Views;
			sourceTree = "<group>";
		};
		E3D03268214C135100EAAC3D /* Photos */ = {
			isa = PBXGroup;
			children = (
				E3D03269214C136900EAAC3D /* PhotosViewController.swift */,
				E3D0326B214C138500EAAC3D /* PhotoCell.swift */,
			);
			path = Photos;
			sourceTree = "<group>";
		};
/* End PBXGroup section */

/* Begin PBXNativeTarget section */
		E3D031F5214BDECA00EAAC3D /* PhotosApp */ = {
			isa = PBXNativeTarget;
			buildConfigurationList = E3D03213214BDECB00EAAC3D /* Build configuration list for PBXNativeTarget "PhotosApp" */;
			buildPhases = (
				E3D031F2214BDECA00EAAC3D /* Sources */,
				E3D031F3214BDECA00EAAC3D /* Frameworks */,
				E3D031F4214BDECA00EAAC3D /* Resources */,
			);
			buildRules = (
			);
			dependencies = (
			);
			name = PhotosApp;
			productName = PhotosApp;
			productReference = E3D031F6214BDECA00EAAC3D /* PhotosApp.app */;
			productType = "com.apple.product-type.application";
		};
		E3D03209214BDECB00EAAC3D /* PhotosAppTests */ = {
			isa = PBXNativeTarget;
			buildConfigurationList = E3D03216214BDECB00EAAC3D /* Build configuration list for PBXNativeTarget "PhotosAppTests" */;
			buildPhases = (
				E3D03206214BDECB00EAAC3D /* Sources */,
				E3D03207214BDECB00EAAC3D /* Frameworks */,
				E3D03208214BDECB00EAAC3D /* Resources */,
			);
			buildRules = (
			);
			dependencies = (
				E3D0320C214BDECB00EAAC3D /* PBXTargetDependency */,
			);
			name = PhotosAppTests;
			productName = PhotosAppTests;
			productReference = E3D0320A214BDECB00EAAC3D /* PhotosAppTests.xctest */;
			productType = "com.apple.product-type.bundle.unit-test";
		};
/* End PBXNativeTarget section */

/* Begin PBXProject section */
		E3D031EE214BDECA00EAAC3D /* Project object */ = {
			isa = PBXProject;
			attributes = {
				LastSwiftUpdateCheck = 0940;
				LastUpgradeCheck = 0940;
				ORGANIZATIONNAME = "Srinivas Dodda";
				TargetAttributes = {
					E3D031F5214BDECA00EAAC3D = {
						CreatedOnToolsVersion = 9.4.1;
					};
					E3D03209214BDECB00EAAC3D = {
						CreatedOnToolsVersion = 9.4.1;
						TestTargetID = E3D031F5214BDECA00EAAC3D;
					};
				};
			};
			buildConfigurationList = E3D031F1214BDECA00EAAC3D /* Build configuration list for PBXProject "PhotosApp" */;
			compatibilityVersion = "Xcode 9.3";
			developmentRegion = en;
			hasScannedForEncodings = 0;
			knownRegions = (
				en,
				Base,
			);
			mainGroup = E3D031ED214BDECA00EAAC3D;
			productRefGroup = E3D031F7214BDECA00EAAC3D /* Products */;
			projectDirPath = "";
			projectRoot = "";
			targets = (
				E3D031F5214BDECA00EAAC3D /* PhotosApp */,
				E3D03209214BDECB00EAAC3D /* PhotosAppTests */,
			);
		};
/* End PBXProject section */

/* Begin PBXResourcesBuildPhase section */
		E3D031F4214BDECA00EAAC3D /* Resources */ = {
			isa = PBXResourcesBuildPhase;
			buildActionMask = 2147483647;
			files = (
				E3D03204214BDECA00EAAC3D /* LaunchScreen.storyboard in Resources */,
				E3D03201214BDECA00EAAC3D /* Assets.xcassets in Resources */,
				E3D031FF214BDECA00EAAC3D /* Main.storyboard in Resources */,
			);
			runOnlyForDeploymentPostprocessing = 0;
		};
		E3D03208214BDECB00EAAC3D /* Resources */ = {
			isa = PBXResourcesBuildPhase;
			buildActionMask = 2147483647;
			files = (
				E3D03237214BE81C00EAAC3D /* SampleImage.png in Resources */,
			);
			runOnlyForDeploymentPostprocessing = 0;
		};
/* End PBXResourcesBuildPhase section */

/* Begin PBXSourcesBuildPhase section */
		E3D031F2214BDECA00EAAC3D /* Sources */ = {
			isa = PBXSourcesBuildPhase;
			buildActionMask = 2147483647;
			files = (
				E3D0323E214BED8900EAAC3D /* Photo.swift in Sources */,
				E3D0326C214C138500EAAC3D /* PhotoCell.swift in Sources */,
				E3D0321B214BE02F00EAAC3D /* BaseNetworkClient.swift in Sources */,
				E3D0322E214BE71A00EAAC3D /* NetworkableImageView.swift in Sources */,
				E3D0322B214BE5C700EAAC3D /* CacheableClient.swift in Sources */,
				E3D0325B214C057B00EAAC3D /* PhotosViewModel.swift in Sources */,
				E3D0321D214BE04E00EAAC3D /* HttpClient.swift in Sources */,
				E3D0323C214BED5E00EAAC3D /* ServiceResponse.swift in Sources */,
				E3D03240214BED9200EAAC3D /* APIError.swift in Sources */,
				E3D0325D214C085000EAAC3D /* PhotoViewModel.swift in Sources */,
				E3D031FA214BDECA00EAAC3D /* AppDelegate.swift in Sources */,
				E3D03242214BF1A300EAAC3D /* PhotosAPI.swift in Sources */,
				E3D0326A214C136900EAAC3D /* PhotosViewController.swift in Sources */,
				E3D03245214BF5B900EAAC3D /* PhotosEndPoints.swift in Sources */,
				E3D03248214BF5E800EAAC3D /* Constants.swift in Sources */,
			);
			runOnlyForDeploymentPostprocessing = 0;
		};
		E3D03206214BDECB00EAAC3D /* Sources */ = {
			isa = PBXSourcesBuildPhase;
			buildActionMask = 2147483647;
			files = (
				E3D03250214BF98B00EAAC3D /* MockHttpClient.swift in Sources */,
				E3D03263214C0CD000EAAC3D /* PhotosViewModelTests.swift in Sources */,
				E3D03222214BE09500EAAC3D /* MockUrlSession.swift in Sources */,
				E3D0324E214BF96D00EAAC3D /* PhotosAPITests.swift in Sources */,
				E3D03234214BE7D300EAAC3D /* MockCacheableClient.swift in Sources */,
				E3D03258214BFF1C00EAAC3D /* ServiceResponseTests.swift in Sources */,
				E3D03256214BFE9E00EAAC3D /* PhotoTests.swift in Sources */,
				E3D0320F214BDECB00EAAC3D /* PhotosAppTests.swift in Sources */,
				E3D03254214BFDFE00EAAC3D /* APIErrorTests.swift in Sources */,
				E3D03225214BE11A00EAAC3D /* HTTPClientTests.swift in Sources */,
				E3D03230214BE74A00EAAC3D /* CacheableClientTests.swift in Sources */,
				E3D0324B214BF76500EAAC3D /* PhotosEndPointsTests.swift in Sources */,
				E3D03266214C0CFB00EAAC3D /* MockPhotosView.swift in Sources */,
				E3D03232214BE7A700EAAC3D /* NetworkableImageViewTests.swift in Sources */,
				E3D03261214C0BDE00EAAC3D /* MockPhotosAPI.swift in Sources */,
			);
			runOnlyForDeploymentPostprocessing = 0;
		};
/* End PBXSourcesBuildPhase section */

/* Begin PBXTargetDependency section */
		E3D0320C214BDECB00EAAC3D /* PBXTargetDependency */ = {
			isa = PBXTargetDependency;
			target = E3D031F5214BDECA00EAAC3D /* PhotosApp */;
			targetProxy = E3D0320B214BDECB00EAAC3D /* PBXContainerItemProxy */;
		};
/* End PBXTargetDependency section */

/* Begin PBXVariantGroup section */
		E3D031FD214BDECA00EAAC3D /* Main.storyboard */ = {
			isa = PBXVariantGroup;
			children = (
				E3D031FE214BDECA00EAAC3D /* Base */,
			);
			name = Main.storyboard;
			sourceTree = "<group>";
		};
		E3D03202214BDECA00EAAC3D /* LaunchScreen.storyboard */ = {
			isa = PBXVariantGroup;
			children = (
				E3D03203214BDECA00EAAC3D /* Base */,
			);
			name = LaunchScreen.storyboard;
			sourceTree = "<group>";
		};
/* End PBXVariantGroup section */

/* Begin XCBuildConfiguration section */
		E3D03211214BDECB00EAAC3D /* Debug */ = {
			isa = XCBuildConfiguration;
			buildSettings = {
				ALWAYS_SEARCH_USER_PATHS = NO;
				CLANG_ANALYZER_NONNULL = YES;
				CLANG_ANALYZER_NUMBER_OBJECT_CONVERSION = YES_AGGRESSIVE;
				CLANG_CXX_LANGUAGE_STANDARD = "gnu++14";
				CLANG_CXX_LIBRARY = "libc++";
				CLANG_ENABLE_MODULES = YES;
				CLANG_ENABLE_OBJC_ARC = YES;
				CLANG_ENABLE_OBJC_WEAK = YES;
				CLANG_WARN_BLOCK_CAPTURE_AUTORELEASING = YES;
				CLANG_WARN_BOOL_CONVERSION = YES;
				CLANG_WARN_COMMA = YES;
				CLANG_WARN_CONSTANT_CONVERSION = YES;
				CLANG_WARN_DEPRECATED_OBJC_IMPLEMENTATIONS = YES;
				CLANG_WARN_DIRECT_OBJC_ISA_USAGE = YES_ERROR;
				CLANG_WARN_DOCUMENTATION_COMMENTS = YES;
				CLANG_WARN_EMPTY_BODY = YES;
				CLANG_WARN_ENUM_CONVERSION = YES;
				CLANG_WARN_INFINITE_RECURSION = YES;
				CLANG_WARN_INT_CONVERSION = YES;
				CLANG_WARN_NON_LITERAL_NULL_CONVERSION = YES;
				CLANG_WARN_OBJC_IMPLICIT_RETAIN_SELF = YES;
				CLANG_WARN_OBJC_LITERAL_CONVERSION = YES;
				CLANG_WARN_OBJC_ROOT_CLASS = YES_ERROR;
				CLANG_WARN_RANGE_LOOP_ANALYSIS = YES;
				CLANG_WARN_STRICT_PROTOTYPES = YES;
				CLANG_WARN_SUSPICIOUS_MOVE = YES;
				CLANG_WARN_UNGUARDED_AVAILABILITY = YES_AGGRESSIVE;
				CLANG_WARN_UNREACHABLE_CODE = YES;
				CLANG_WARN__DUPLICATE_METHOD_MATCH = YES;
				CODE_SIGN_IDENTITY = "iPhone Developer";
				COPY_PHASE_STRIP = NO;
				DEBUG_INFORMATION_FORMAT = dwarf;
				ENABLE_STRICT_OBJC_MSGSEND = YES;
				ENABLE_TESTABILITY = YES;
				GCC_C_LANGUAGE_STANDARD = gnu11;
				GCC_DYNAMIC_NO_PIC = NO;
				GCC_NO_COMMON_BLOCKS = YES;
				GCC_OPTIMIZATION_LEVEL = 0;
				GCC_PREPROCESSOR_DEFINITIONS = (
					"DEBUG=1",
					"$(inherited)",
				);
				GCC_WARN_64_TO_32_BIT_CONVERSION = YES;
				GCC_WARN_ABOUT_RETURN_TYPE = YES_ERROR;
				GCC_WARN_UNDECLARED_SELECTOR = YES;
				GCC_WARN_UNINITIALIZED_AUTOS = YES_AGGRESSIVE;
				GCC_WARN_UNUSED_FUNCTION = YES;
				GCC_WARN_UNUSED_VARIABLE = YES;
				IPHONEOS_DEPLOYMENT_TARGET = 11.4;
				MTL_ENABLE_DEBUG_INFO = YES;
				ONLY_ACTIVE_ARCH = YES;
				SDKROOT = iphoneos;
				SWIFT_ACTIVE_COMPILATION_CONDITIONS = DEBUG;
				SWIFT_OPTIMIZATION_LEVEL = "-Onone";
			};
			name = Debug;
		};
		E3D03212214BDECB00EAAC3D /* Release */ = {
			isa = XCBuildConfiguration;
			buildSettings = {
				ALWAYS_SEARCH_USER_PATHS = NO;
				CLANG_ANALYZER_NONNULL = YES;
				CLANG_ANALYZER_NUMBER_OBJECT_CONVERSION = YES_AGGRESSIVE;
				CLANG_CXX_LANGUAGE_STANDARD = "gnu++14";
				CLANG_CXX_LIBRARY = "libc++";
				CLANG_ENABLE_MODULES = YES;
				CLANG_ENABLE_OBJC_ARC = YES;
				CLANG_ENABLE_OBJC_WEAK = YES;
				CLANG_WARN_BLOCK_CAPTURE_AUTORELEASING = YES;
				CLANG_WARN_BOOL_CONVERSION = YES;
				CLANG_WARN_COMMA = YES;
				CLANG_WARN_CONSTANT_CONVERSION = YES;
				CLANG_WARN_DEPRECATED_OBJC_IMPLEMENTATIONS = YES;
				CLANG_WARN_DIRECT_OBJC_ISA_USAGE = YES_ERROR;
				CLANG_WARN_DOCUMENTATION_COMMENTS = YES;
				CLANG_WARN_EMPTY_BODY = YES;
				CLANG_WARN_ENUM_CONVERSION = YES;
				CLANG_WARN_INFINITE_RECURSION = YES;
				CLANG_WARN_INT_CONVERSION = YES;
				CLANG_WARN_NON_LITERAL_NULL_CONVERSION = YES;
				CLANG_WARN_OBJC_IMPLICIT_RETAIN_SELF = YES;
				CLANG_WARN_OBJC_LITERAL_CONVERSION = YES;
				CLANG_WARN_OBJC_ROOT_CLASS = YES_ERROR;
				CLANG_WARN_RANGE_LOOP_ANALYSIS = YES;
				CLANG_WARN_STRICT_PROTOTYPES = YES;
				CLANG_WARN_SUSPICIOUS_MOVE = YES;
				CLANG_WARN_UNGUARDED_AVAILABILITY = YES_AGGRESSIVE;
				CLANG_WARN_UNREACHABLE_CODE = YES;
				CLANG_WARN__DUPLICATE_METHOD_MATCH = YES;
				CODE_SIGN_IDENTITY = "iPhone Developer";
				COPY_PHASE_STRIP = NO;
				DEBUG_INFORMATION_FORMAT = "dwarf-with-dsym";
				ENABLE_NS_ASSERTIONS = NO;
				ENABLE_STRICT_OBJC_MSGSEND = YES;
				GCC_C_LANGUAGE_STANDARD = gnu11;
				GCC_NO_COMMON_BLOCKS = YES;
				GCC_WARN_64_TO_32_BIT_CONVERSION = YES;
				GCC_WARN_ABOUT_RETURN_TYPE = YES_ERROR;
				GCC_WARN_UNDECLARED_SELECTOR = YES;
				GCC_WARN_UNINITIALIZED_AUTOS = YES_AGGRESSIVE;
				GCC_WARN_UNUSED_FUNCTION = YES;
				GCC_WARN_UNUSED_VARIABLE = YES;
				IPHONEOS_DEPLOYMENT_TARGET = 11.4;
				MTL_ENABLE_DEBUG_INFO = NO;
				SDKROOT = iphoneos;
				SWIFT_COMPILATION_MODE = wholemodule;
				SWIFT_OPTIMIZATION_LEVEL = "-O";
				VALIDATE_PRODUCT = YES;
			};
			name = Release;
		};
		E3D03214214BDECB00EAAC3D /* Debug */ = {
			isa = XCBuildConfiguration;
			buildSettings = {
				ASSETCATALOG_COMPILER_APPICON_NAME = AppIcon;
				CODE_SIGN_STYLE = Automatic;
				INFOPLIST_FILE = PhotosApp/Info.plist;
				LD_RUNPATH_SEARCH_PATHS = (
					"$(inherited)",
					"@executable_path/Frameworks",
				);
				PRODUCT_BUNDLE_IDENTIFIER = com.srinivasan.PhotosApp;
				PRODUCT_NAME = "$(TARGET_NAME)";
				SWIFT_VERSION = 4.0;
				TARGETED_DEVICE_FAMILY = "1,2";
			};
			name = Debug;
		};
		E3D03215214BDECB00EAAC3D /* Release */ = {
			isa = XCBuildConfiguration;
			buildSettings = {
				ASSETCATALOG_COMPILER_APPICON_NAME = AppIcon;
				CODE_SIGN_STYLE = Automatic;
				INFOPLIST_FILE = PhotosApp/Info.plist;
				LD_RUNPATH_SEARCH_PATHS = (
					"$(inherited)",
					"@executable_path/Frameworks",
				);
				PRODUCT_BUNDLE_IDENTIFIER = com.srinivasan.PhotosApp;
				PRODUCT_NAME = "$(TARGET_NAME)";
				SWIFT_VERSION = 4.0;
				TARGETED_DEVICE_FAMILY = "1,2";
			};
			name = Release;
		};
		E3D03217214BDECB00EAAC3D /* Debug */ = {
			isa = XCBuildConfiguration;
			buildSettings = {
				ALWAYS_EMBED_SWIFT_STANDARD_LIBRARIES = YES;
				BUNDLE_LOADER = "$(TEST_HOST)";
				CODE_SIGN_STYLE = Automatic;
				INFOPLIST_FILE = PhotosAppTests/Info.plist;
				LD_RUNPATH_SEARCH_PATHS = (
					"$(inherited)",
					"@executable_path/Frameworks",
					"@loader_path/Frameworks",
				);
				PRODUCT_BUNDLE_IDENTIFIER = com.srinivasan.PhotosAppTests;
				PRODUCT_NAME = "$(TARGET_NAME)";
				SWIFT_VERSION = 4.0;
				TARGETED_DEVICE_FAMILY = "1,2";
				TEST_HOST = "$(BUILT_PRODUCTS_DIR)/PhotosApp.app/PhotosApp";
			};
			name = Debug;
		};
		E3D03218214BDECB00EAAC3D /* Release */ = {
			isa = XCBuildConfiguration;
			buildSettings = {
				ALWAYS_EMBED_SWIFT_STANDARD_LIBRARIES = YES;
				BUNDLE_LOADER = "$(TEST_HOST)";
				CODE_SIGN_STYLE = Automatic;
				INFOPLIST_FILE = PhotosAppTests/Info.plist;
				LD_RUNPATH_SEARCH_PATHS = (
					"$(inherited)",
					"@executable_path/Frameworks",
					"@loader_path/Frameworks",
				);
				PRODUCT_BUNDLE_IDENTIFIER = com.srinivasan.PhotosAppTests;
				PRODUCT_NAME = "$(TARGET_NAME)";
				SWIFT_VERSION = 4.0;
				TARGETED_DEVICE_FAMILY = "1,2";
				TEST_HOST = "$(BUILT_PRODUCTS_DIR)/PhotosApp.app/PhotosApp";
			};
			name = Release;
		};
/* End XCBuildConfiguration section */

/* Begin XCConfigurationList section */
		E3D031F1214BDECA00EAAC3D /* Build configuration list for PBXProject "PhotosApp" */ = {
			isa = XCConfigurationList;
			buildConfigurations = (
				E3D03211214BDECB00EAAC3D /* Debug */,
				E3D03212214BDECB00EAAC3D /* Release */,
			);
			defaultConfigurationIsVisible = 0;
			defaultConfigurationName = Release;
		};
		E3D03213214BDECB00EAAC3D /* Build configuration list for PBXNativeTarget "PhotosApp" */ = {
			isa = XCConfigurationList;
			buildConfigurations = (
				E3D03214214BDECB00EAAC3D /* Debug */,
				E3D03215214BDECB00EAAC3D /* Release */,
			);
			defaultConfigurationIsVisible = 0;
			defaultConfigurationName = Release;
		};
		E3D03216214BDECB00EAAC3D /* Build configuration list for PBXNativeTarget "PhotosAppTests" */ = {
			isa = XCConfigurationList;
			buildConfigurations = (
				E3D03217214BDECB00EAAC3D /* Debug */,
				E3D03218214BDECB00EAAC3D /* Release */,
			);
			defaultConfigurationIsVisible = 0;
			defaultConfigurationName = Release;
		};
/* End XCConfigurationList section */
	};
	rootObject = E3D031EE214BDECA00EAAC3D /* Project object */;
}
